lockfileVersion: '6.0'

settings:
  autoInstallPeers: true
  excludeLinksFromLockfile: false

dependencies:
  '@beyond-js/react-18-widgets':
    specifier: ~0.0.5
    version: 0.0.6
  '@beyond-js/reactive':
    specifier: ^1.1.3
    version: 1.1.6
  '@beyond-js/widgets':
    specifier: ^0.1.3
    version: 0.1.5
  perfect-scrollbar:
    specifier: ^1.5.5
    version: 1.5.5
  prism-react-renderer:
    specifier: ^1.3.5
    version: 1.3.5(react@18.2.0)
  prismjs:
    specifier: ^1.27.0
    version: 1.29.0
  socket.io-client:
    specifier: ^4.5.3
    version: 4.7.2
  swiper:
    specifier: ^10.3.0
    version: 10.3.1
  tippy.js:
    specifier: ^6.3.7
    version: 6.3.7

devDependencies:
  '@beyond-js/backend':
    specifier: ^0.1.1
    version: 0.1.9
  '@types/react':
    specifier: ^18.0.26
    version: 18.2.34
  '@types/react-dom':
    specifier: ^18.0.9
    version: 18.2.14

packages:

  /@beyond-js/backend@0.1.9:
    resolution: {integrity: sha512-AqFW0yN4KUIM8oaRuBJdSxt1H+qikcL7Hrd6evYLZGdu96Q7JxOO2i5YdpvduU9AuYJZfyNHVzxJ47rtsV6eHw==}
    dependencies:
      '@beyond-js/kernel': 0.1.9
      socket.io: 4.7.2
      socket.io-client: 4.7.2
    transitivePeerDependencies:
      - bufferutil
      - supports-color
      - utf-8-validate

  /@beyond-js/events@0.0.6:
    resolution: {integrity: sha512-LZMoCFOmPIFdrBZRAJUZX7sHoEmTUa0kQ+m7RB07HvrWgaEDVYDP1yky2200rVuUQQZ7TWn1yaITIkkki6SijQ==}
    dev: false

  /@beyond-js/kernel@0.1.9:
    resolution: {integrity: sha512-jBwaslFuwM/qPCXieNuyfgbpLP98AHfLngyCEBeuaWkCBLNpRHFTHFGVqDWvJW1+e7HjUpSrxrCN8ekQ4fqPLA==}

  /@beyond-js/local@0.1.3:
    resolution: {integrity: sha512-MzuYm0RJnVksr3Iu8FQhUM7wKHnYkU3CS6rN2+pECQ9/f3ELwnnp+3KXpXuM6awtB3r1DLiVxVPEPyHZnCKVmw==}
    dependencies:
      '@beyond-js/backend': 0.1.9
      '@beyond-js/kernel': 0.1.9
      socket.io-client: 4.7.2
    transitivePeerDependencies:
      - bufferutil
      - supports-color
      - utf-8-validate
    dev: false

  /@beyond-js/react-18-widgets@0.0.6:
    resolution: {integrity: sha512-l03U8ahg7iifCuLc02raJg/ouMe0fy4xCk4m4JqZUMd2c9nlss1y9deLgl033XcG4w0FXL6T7rOrgPYYbWVbWA==}
    dependencies:
      '@beyond-js/kernel': 0.1.9
      '@beyond-js/widgets': 0.1.5
      react: 18.2.0
      react-dom: 18.2.0(react@18.2.0)
    dev: false

  /@beyond-js/reactive@1.1.6:
    resolution: {integrity: sha512-3d2RDTuwbY7SNHliErhiTx52me0Z2w7p7a6WBuTCRqDE5OPNXpDYAPcbz451QD5LuFaAl7L2dFxVpGmKesAhYw==}
    dependencies:
      '@beyond-js/backend': 0.1.9
      '@beyond-js/events': 0.0.6
      '@beyond-js/kernel': 0.1.9
      '@beyond-js/local': 0.1.3
      '@beyond-js/react-18-widgets': 0.0.6
      dexie: 3.2.4
      socket.io-client: 4.7.2
      uuid: 9.0.1
    transitivePeerDependencies:
      - bufferutil
      - supports-color
      - utf-8-validate
    dev: false

  /@beyond-js/widgets@0.1.5:
    resolution: {integrity: sha512-kHS79NZaEjAw6/gSiA67XJQ8rrGj1TDsL7670BzQMkzuHnoKbpCHyunKrgF+qgqw9rOhA2czJT1OIVpCXVGMxw==}
    dependencies:
      '@beyond-js/kernel': 0.1.9
    dev: false

  /@popperjs/core@2.11.8:
    resolution: {integrity: sha512-P1st0aksCrn9sGZhp8GMYwBnQsbvAWsZAX44oXNNvLHGqAOcoVxmjZiohstwQ7SqKnbR47akdNi+uleWD8+g6A==}
    dev: false

  /@socket.io/component-emitter@3.1.0:
    resolution: {integrity: sha512-+9jVqKhRSpsc591z5vX+X5Yyw+he/HCB4iQ/RYxw35CEPaY1gnsNE43nf9n9AaYjAQrTiI/mOwKUKdUs9vf7Xg==}

  /@types/cookie@0.4.1:
    resolution: {integrity: sha512-XW/Aa8APYr6jSVVA1y/DEIZX0/GMKLEVekNG727R8cs56ahETkRAy/3DR7+fJyh7oUgGwNQaRfXCun0+KbWY7Q==}

  /@types/cors@2.8.15:
    resolution: {integrity: sha512-n91JxbNLD8eQIuXDIChAN1tCKNWCEgpceU9b7ZMbFA+P+Q4yIeh80jizFLEvolRPc1ES0VdwFlGv+kJTSirogw==}
    dependencies:
      '@types/node': 20.8.10

  /@types/node@20.8.10:
    resolution: {integrity: sha512-TlgT8JntpcbmKUFzjhsyhGfP2fsiz1Mv56im6enJ905xG1DAYesxJaeSbGqQmAw8OWPdhyJGhGSQGKRNJ45u9w==}
    dependencies:
      undici-types: 5.26.5

  /@types/prop-types@15.7.9:
    resolution: {integrity: sha512-n1yyPsugYNSmHgxDFjicaI2+gCNjsBck8UX9kuofAKlc0h1bL+20oSF72KeNaW2DUlesbEVCFgyV2dPGTiY42g==}
    dev: true

  /@types/react-dom@18.2.14:
    resolution: {integrity: sha512-V835xgdSVmyQmI1KLV2BEIUgqEuinxp9O4G6g3FqO/SqLac049E53aysv0oEFD2kHfejeKU+ZqL2bcFWj9gLAQ==}
    dependencies:
      '@types/react': 18.2.34
    dev: true

  /@types/react@18.2.34:
    resolution: {integrity: sha512-U6eW/alrRk37FU/MS2RYMjx0Va2JGIVXELTODaTIYgvWGCV4Y4TfTUzG8DdmpDNIT0Xpj/R7GfyHOJJrDttcvg==}
    dependencies:
      '@types/prop-types': 15.7.9
      '@types/scheduler': 0.16.5
      csstype: 3.1.2
    dev: true

  /@types/scheduler@0.16.5:
    resolution: {integrity: sha512-s/FPdYRmZR8SjLWGMCuax7r3qCWQw9QKHzXVukAuuIJkXkDRwp+Pu5LMIVFi0Fxbav35WURicYr8u1QsoybnQw==}
    dev: true

  /accepts@1.3.8:
    resolution: {integrity: sha512-PYAthTa2m2VKxuvSD3DPC/Gy+U+sOA1LAuT8mkmRuvw+NACSaeXEQ+NHcVF7rONl6qcaxV3Uuemwawk+7+SJLw==}
    engines: {node: '>= 0.6'}
    dependencies:
      mime-types: 2.1.35
      negotiator: 0.6.3

  /base64id@2.0.0:
    resolution: {integrity: sha512-lGe34o6EHj9y3Kts9R4ZYs/Gr+6N7MCaMlIFA3F1R2O5/m7K06AxfSeO5530PEERE6/WyEg3lsuyw4GHlPZHog==}
    engines: {node: ^4.5.0 || >= 5.9}

  /cookie@0.4.2:
    resolution: {integrity: sha512-aSWTXFzaKWkvHO1Ny/s+ePFpvKsPnjc551iI41v3ny/ow6tBG5Vd+FuqGNhh1LxOmVzOlGUriIlOaokOvhaStA==}
    engines: {node: '>= 0.6'}

  /cors@2.8.5:
    resolution: {integrity: sha512-KIHbLJqu73RGr/hnbrO9uBeixNGuvSQjul/jdFvS/KFSIH1hWVd1ng7zOHx+YrEfInLG7q4n6GHQ9cDtxv/P6g==}
    engines: {node: '>= 0.10'}
    dependencies:
      object-assign: 4.1.1
      vary: 1.1.2

  /csstype@3.1.2:
    resolution: {integrity: sha512-I7K1Uu0MBPzaFKg4nI5Q7Vs2t+3gWWW648spaF+Rg7pI9ds18Ugn+lvg4SHczUdKlHI5LWBXyqfS8+DufyBsgQ==}
    dev: true

  /debug@4.3.4:
    resolution: {integrity: sha512-PRWFHuSU3eDtQJPvnNY7Jcket1j0t5OuOsFzPPzsekD52Zl8qUfFIPEiswXqIvHWGVHOgX+7G/vCNNhehwxfkQ==}
    engines: {node: '>=6.0'}
    peerDependencies:
      supports-color: '*'
    peerDependenciesMeta:
      supports-color:
        optional: true
    dependencies:
      ms: 2.1.2

  /dexie@3.2.4:
    resolution: {integrity: sha512-VKoTQRSv7+RnffpOJ3Dh6ozknBqzWw/F3iqMdsZg958R0AS8AnY9x9d1lbwENr0gzeGJHXKcGhAMRaqys6SxqA==}
    engines: {node: '>=6.0'}
    dev: false

  /engine.io-client@6.5.2:
    resolution: {integrity: sha512-CQZqbrpEYnrpGqC07a9dJDz4gePZUgTPMU3NKJPSeQOyw27Tst4Pl3FemKoFGAlHzgZmKjoRmiJvbWfhCXUlIg==}
    dependencies:
      '@socket.io/component-emitter': 3.1.0
      debug: 4.3.4
      engine.io-parser: 5.2.1
      ws: 8.11.0
      xmlhttprequest-ssl: 2.0.0
    transitivePeerDependencies:
      - bufferutil
      - supports-color
      - utf-8-validate

  /engine.io-parser@5.2.1:
    resolution: {integrity: sha512-9JktcM3u18nU9N2Lz3bWeBgxVgOKpw7yhRaoxQA3FUDZzzw+9WlA6p4G4u0RixNkg14fH7EfEc/RhpurtiROTQ==}
    engines: {node: '>=10.0.0'}

  /engine.io@6.5.3:
    resolution: {integrity: sha512-IML/R4eG/pUS5w7OfcDE0jKrljWS9nwnEfsxWCIJF5eO6AHo6+Hlv+lQbdlAYsiJPHzUthLm1RUjnBzWOs45cw==}
    engines: {node: '>=10.2.0'}
    dependencies:
      '@types/cookie': 0.4.1
      '@types/cors': 2.8.15
      '@types/node': 20.8.10
      accepts: 1.3.8
      base64id: 2.0.0
      cookie: 0.4.2
      cors: 2.8.5
      debug: 4.3.4
      engine.io-parser: 5.2.1
      ws: 8.11.0
    transitivePeerDependencies:
      - bufferutil
      - supports-color
      - utf-8-validate

  /js-tokens@4.0.0:
    resolution: {integrity: sha512-RdJUflcE3cUzKiMqQgsCu06FPu9UdIJO0beYbPhHN4k6apgJtifcoCtT9bcxOpYBtpD2kCM6Sbzg4CausW/PKQ==}
    dev: false

  /loose-envify@1.4.0:
    resolution: {integrity: sha512-lyuxPGr/Wfhrlem2CL/UcnUc1zcqKAImBDzukY7Y5F/yQiNdko6+fRLevlw1HgMySw7f611UIY408EtxRSoK3Q==}
    hasBin: true
    dependencies:
      js-tokens: 4.0.0
    dev: false

  /mime-db@1.52.0:
    resolution: {integrity: sha512-sPU4uV7dYlvtWJxwwxHD0PuihVNiE7TyAbQ5SWxDCB9mUYvOgroQOwYQQOKPJ8CIbE+1ETVlOoK1UC2nU3gYvg==}
    engines: {node: '>= 0.6'}

  /mime-types@2.1.35:
    resolution: {integrity: sha512-ZDY+bPm5zTTF+YpCrAU9nK0UgICYPT0QtT1NZWFv4s++TNkcgVaT0g6+4R2uI4MjQjzysHB1zxuWL50hzaeXiw==}
    engines: {node: '>= 0.6'}
    dependencies:
      mime-db: 1.52.0

  /ms@2.1.2:
    resolution: {integrity: sha512-sGkPx+VjMtmA6MX27oA4FBFELFCZZ4S4XqeGOXCv68tT+jb3vk/RyaKWP0PTKyWtmLSM0b+adUTEvbs1PEaH2w==}

  /negotiator@0.6.3:
    resolution: {integrity: sha512-+EUsqGPLsM+j/zdChZjsnX51g4XrHFOIXwfnCVPGlQk/k5giakcKsuxCObBRu6DSm9opw/O6slWbJdghQM4bBg==}
    engines: {node: '>= 0.6'}

  /object-assign@4.1.1:
    resolution: {integrity: sha512-rJgTQnkUnH1sFw8yT6VSU3zD3sWmu6sZhIseY8VX+GRu3P6F7Fu+JNDoXfklElbLJSnc3FUQHVe4cU5hj+BcUg==}
    engines: {node: '>=0.10.0'}

  /perfect-scrollbar@1.5.5:
    resolution: {integrity: sha512-dzalfutyP3e/FOpdlhVryN4AJ5XDVauVWxybSkLZmakFE2sS3y3pc4JnSprw8tGmHvkaG5Edr5T7LBTZ+WWU2g==}
    dev: false

  /prism-react-renderer@1.3.5(react@18.2.0):
    resolution: {integrity: sha512-IJ+MSwBWKG+SM3b2SUfdrhC+gu01QkV2KmRQgREThBfSQRoufqRfxfHUxpG1WcaFjP+kojcFyO9Qqtpgt3qLCg==}
    peerDependencies:
      react: '>=0.14.9'
    dependencies:
      react: 18.2.0
    dev: false

  /prismjs@1.29.0:
    resolution: {integrity: sha512-Kx/1w86q/epKcmte75LNrEoT+lX8pBpavuAbvJWRXar7Hz8jrtF+e3vY751p0R8H9HdArwaCTNDDzHg/ScJK1Q==}
    engines: {node: '>=6'}
    dev: false

  /react-dom@18.2.0(react@18.2.0):
    resolution: {integrity: sha512-6IMTriUmvsjHUjNtEDudZfuDQUoWXVxKHhlEGSk81n4YFS+r/Kl99wXiwlVXtPBtJenozv2P+hxDsw9eA7Xo6g==}
    peerDependencies:
      react: ^18.2.0
    dependencies:
      loose-envify: 1.4.0
      react: 18.2.0
      scheduler: 0.23.0
    dev: false

  /react@18.2.0:
    resolution: {integrity: sha512-/3IjMdb2L9QbBdWiW5e3P2/npwMBaU9mHCSCUzNln0ZCYbcfTsGbTJrU/kGemdH2IWmB2ioZ+zkxtmq6g09fGQ==}
    engines: {node: '>=0.10.0'}
    dependencies:
      loose-envify: 1.4.0
    dev: false

  /scheduler@0.23.0:
    resolution: {integrity: sha512-CtuThmgHNg7zIZWAXi3AsyIzA3n4xx7aNyjwC2VJldO2LMVDhFK+63xGqq6CsJH4rTAt6/M+N4GhZiDYPx9eUw==}
    dependencies:
      loose-envify: 1.4.0
    dev: false

  /socket.io-adapter@2.5.2:
    resolution: {integrity: sha512-87C3LO/NOMc+eMcpcxUBebGjkpMDkNBS9tf7KJqcDsmL936EChtVva71Dw2q4tQcuVC+hAUy4an2NO/sYXmwRA==}
    dependencies:
      ws: 8.11.0
    transitivePeerDependencies:
      - bufferutil
      - utf-8-validate

  /socket.io-client@4.7.2:
    resolution: {integrity: sha512-vtA0uD4ibrYD793SOIAwlo8cj6haOeMHrGvwPxJsxH7CeIksqJ+3Zc06RvWTIFgiSqx4A3sOnTXpfAEE2Zyz6w==}
    engines: {node: '>=10.0.0'}
    dependencies:
      '@socket.io/component-emitter': 3.1.0
      debug: 4.3.4
      engine.io-client: 6.5.2
      socket.io-parser: 4.2.4
    transitivePeerDependencies:
      - bufferutil
      - supports-color
      - utf-8-validate

  /socket.io-parser@4.2.4:
    resolution: {integrity: sha512-/GbIKmo8ioc+NIWIhwdecY0ge+qVBSMdgxGygevmdHj24bsfgtCmcUUcQ5ZzcylGFHsN3k4HB4Cgkl96KVnuew==}
    engines: {node: '>=10.0.0'}
    dependencies:
      '@socket.io/component-emitter': 3.1.0
      debug: 4.3.4
    transitivePeerDependencies:
      - supports-color

  /socket.io@4.7.2:
    resolution: {integrity: sha512-bvKVS29/I5fl2FGLNHuXlQaUH/BlzX1IN6S+NKLNZpBsPZIDH+90eQmCs2Railn4YUiww4SzUedJ6+uzwFnKLw==}
    engines: {node: '>=10.2.0'}
    dependencies:
      accepts: 1.3.8
      base64id: 2.0.0
      cors: 2.8.5
      debug: 4.3.4
      engine.io: 6.5.3
      socket.io-adapter: 2.5.2
      socket.io-parser: 4.2.4
    transitivePeerDependencies:
      - bufferutil
      - supports-color
      - utf-8-validate

  /swiper@10.3.1:
    resolution: {integrity: sha512-24Wk3YUdZHxjc9faID97GTu6xnLNia+adMt6qMTZG/HgdSUt4fS0REsGUXJOgpTED0Amh/j+gRGQxsLayJUlBQ==}
    engines: {node: '>= 4.7.0'}
    dev: false

  /tippy.js@6.3.7:
    resolution: {integrity: sha512-E1d3oP2emgJ9dRQZdf3Kkn0qJgI6ZLpyS5z6ZkY1DF3kaQaBsGZsndEpHwx+eC+tYM41HaSNvNtLx8tU57FzTQ==}
    dependencies:
      '@popperjs/core': 2.11.8
    dev: false

  /undici-types@5.26.5:
    resolution: {integrity: sha512-JlCMO+ehdEIKqlFxk6IfVoAUVmgz7cU7zD/h9XZ0qzeosSHmUJVOzSQvvYSYWXkFXC+IfLKSIffhv0sVZup6pA==}

  /uuid@9.0.1:
    resolution: {integrity: sha512-b+1eJOlsR9K8HJpow9Ok3fiWOWSIcIzXodvv0rQjVoOVNpWMpxf1wZNpt4y9h10odCNrqnYp1OBzRktckBe3sA==}
    hasBin: true
    dev: false

  /vary@1.1.2:
    resolution: {integrity: sha512-BNGbWLfd0eUPabhkXUVm0j8uuvREyTh5ovRa/dyow/BqAbZJyC+5fU+IzQOzmAKzYqYRAISoRhdQr3eIZ/PXqg==}
    engines: {node: '>= 0.8'}

  /ws@8.11.0:
    resolution: {integrity: sha512-HPG3wQd9sNQoT9xHyNCXoDUa+Xw/VevmY9FoHyQ+g+rrMn4j6FB4np7Z0OhdTgjx6MgQLK7jwSy1YecU1+4Asg==}
    engines: {node: '>=10.0.0'}
    peerDependencies:
      bufferutil: ^4.0.1
      utf-8-validate: ^5.0.2
    peerDependenciesMeta:
      bufferutil:
        optional: true
      utf-8-validate:
        optional: true

  /xmlhttprequest-ssl@2.0.0:
    resolution: {integrity: sha512-QKxVRxiRACQcVuQEYFsI1hhkrMlrXHPegbbd1yn9UHOmRxY+si12nQYzri3vbzt8VdTTRviqcKxcyllFas5z2A==}
    engines: {node: '>=0.4.0'}
